
Microsoft Visual Studio Solution File, Format Version 12.00
Project("{FAE04EC0-301F-11D3-BF4B-00C04F79EFBC}") = "CVChatbotApi", "CVChatbotApi\CVChatbotApi.csproj", "{F942C2EE-1EB3-4D5B-9D7D-B4052934F625}"
EndProject
Project("{FAE04EC0-301F-11D3-BF4B-00C04F79EFBC}") = "Shared", "Shared\Shared.csproj", "{D1F61C36-4690-4323-BCB0-20E70B060D3B}"
EndProject
Project("{FAE04EC0-301F-11D3-BF4B-00C04F79EFBC}") = "ChunkEmbeddingsConsoleApp", "ChunkEmbeddingsConsoleApp\ChunkEmbeddingsConsoleApp.csproj", "{D10C431E-0876-449F-9EDD-2F83F5F467C5}"
EndProject
Project("{2150E333-8FDC-42A3-9474-1A3956D46DE8}") = "src", "src", "{D76D6A02-0F4F-429F-8FB8-7F46559DE357}"
EndProject
Project("{2150E333-8FDC-42A3-9474-1A3956D46DE8}") = "test", "test", "{CBAB2F8E-33B5-4301-95EB-D7353E9A76FA}"
EndProject
Project("{FAE04EC0-301F-11D3-BF4B-00C04F79EFBC}") = "UnitTests", "UnitTests\UnitTests.csproj", "{AC6E478D-02CC-4914-82D3-1BCDD018319F}"
EndProject
Global
	GlobalSection(SolutionConfigurationPlatforms) = preSolution
		Debug|Any CPU = Debug|Any CPU
		Release|Any CPU = Release|Any CPU
	EndGlobalSection
	GlobalSection(ProjectConfigurationPlatforms) = postSolution
		{F942C2EE-1EB3-4D5B-9D7D-B4052934F625}.Debug|Any CPU.ActiveCfg = Debug|Any CPU
		{F942C2EE-1EB3-4D5B-9D7D-B4052934F625}.Debug|Any CPU.Build.0 = Debug|Any CPU
		{F942C2EE-1EB3-4D5B-9D7D-B4052934F625}.Release|Any CPU.ActiveCfg = Release|Any CPU
		{F942C2EE-1EB3-4D5B-9D7D-B4052934F625}.Release|Any CPU.Build.0 = Release|Any CPU
		{D1F61C36-4690-4323-BCB0-20E70B060D3B}.Debug|Any CPU.ActiveCfg = Debug|Any CPU
		{D1F61C36-4690-4323-BCB0-20E70B060D3B}.Debug|Any CPU.Build.0 = Debug|Any CPU
		{D1F61C36-4690-4323-BCB0-20E70B060D3B}.Release|Any CPU.ActiveCfg = Release|Any CPU
		{D1F61C36-4690-4323-BCB0-20E70B060D3B}.Release|Any CPU.Build.0 = Release|Any CPU
		{D10C431E-0876-449F-9EDD-2F83F5F467C5}.Debug|Any CPU.ActiveCfg = Debug|Any CPU
		{D10C431E-0876-449F-9EDD-2F83F5F467C5}.Debug|Any CPU.Build.0 = Debug|Any CPU
		{D10C431E-0876-449F-9EDD-2F83F5F467C5}.Release|Any CPU.ActiveCfg = Release|Any CPU
		{D10C431E-0876-449F-9EDD-2F83F5F467C5}.Release|Any CPU.Build.0 = Release|Any CPU
		{AC6E478D-02CC-4914-82D3-1BCDD018319F}.Debug|Any CPU.ActiveCfg = Debug|Any CPU
		{AC6E478D-02CC-4914-82D3-1BCDD018319F}.Debug|Any CPU.Build.0 = Debug|Any CPU
		{AC6E478D-02CC-4914-82D3-1BCDD018319F}.Release|Any CPU.ActiveCfg = Release|Any CPU
		{AC6E478D-02CC-4914-82D3-1BCDD018319F}.Release|Any CPU.Build.0 = Release|Any CPU
	EndGlobalSection
	GlobalSection(NestedProjects) = preSolution
		{D10C431E-0876-449F-9EDD-2F83F5F467C5} = {D76D6A02-0F4F-429F-8FB8-7F46559DE357}
		{F942C2EE-1EB3-4D5B-9D7D-B4052934F625} = {D76D6A02-0F4F-429F-8FB8-7F46559DE357}
		{D1F61C36-4690-4323-BCB0-20E70B060D3B} = {D76D6A02-0F4F-429F-8FB8-7F46559DE357}
		{AC6E478D-02CC-4914-82D3-1BCDD018319F} = {CBAB2F8E-33B5-4301-95EB-D7353E9A76FA}
	EndGlobalSection
EndGlobal
